
Microsoft Visual Studio Solution File, Format Version 12.00
# Visual Studio 2012
Project("{FAE04EC0-301F-11D3-BF4B-00C04F79EFBC}") = "src", "src\src.csproj", "{F3A4CDCB-C973-4170-A668-C12EA5DEC133}"
EndProject
Project("{FAE04EC0-301F-11D3-BF4B-00C04F79EFBC}") = "test", "test\test.csproj", "{26D6E380-37DA-4B1F-AC5A-E46BDE305CF8}"
EndProject
Global
	GlobalSection(SolutionConfigurationPlatforms) = preSolution
		Debug|Any CPU = Debug|Any CPU
		Release|Any CPU = Release|Any CPU
	EndGlobalSection
	GlobalSection(ProjectConfigurationPlatforms) = postSolution
		{F3A4CDCB-C973-4170-A668-C12EA5DEC133}.Debug|Any CPU.ActiveCfg = Debug|Any CPU
		{F3A4CDCB-C973-4170-A668-C12EA5DEC133}.Debug|Any CPU.Build.0 = Debug|Any CPU
		{F3A4CDCB-C973-4170-A668-C12EA5DEC133}.Release|Any CPU.ActiveCfg = Release|Any CPU
		{F3A4CDCB-C973-4170-A668-C12EA5DEC133}.Release|Any CPU.Build.0 = Release|Any CPU
		{26D6E380-37DA-4B1F-AC5A-E46BDE305CF8}.Debug|Any CPU.ActiveCfg = Debug|Any CPU
		{26D6E380-37DA-4B1F-AC5A-E46BDE305CF8}.Debug|Any CPU.Build.0 = Debug|Any CPU
		{26D6E380-37DA-4B1F-AC5A-E46BDE305CF8}.Release|Any CPU.ActiveCfg = Release|Any CPU
		{26D6E380-37DA-4B1F-AC5A-E46BDE305CF8}.Release|Any CPU.Build.0 = Release|Any CPU
		{600A2095-CD6D-452B-B16C-161213E2518E}.Debug|Any CPU.ActiveCfg = Debug|Any CPU
		{600A2095-CD6D-452B-B16C-161213E2518E}.Debug|Any CPU.Build.0 = Debug|Any CPU
		{600A2095-CD6D-452B-B16C-161213E2518E}.Release|Any CPU.ActiveCfg = Release|Any CPU
		{600A2095-CD6D-452B-B16C-161213E2518E}.Release|Any CPU.Build.0 = Release|Any CPU
	EndGlobalSection
EndGlobal
